
Microsoft Visual Studio Solution File, Format Version 12.00
# Visual Studio 14
VisualStudioVersion = 14.0.25420.1
MinimumVisualStudioVersion = 10.0.40219.1
Project("{FAE04EC0-301F-11D3-BF4B-00C04F79EFBC}") = "PPC.App", "PPC.App\PPC.App.csproj", "{C54AEEE9-6D49-4C76-93B8-4DC1B0497A4C}"
EndProject
Project("{FAE04EC0-301F-11D3-BF4B-00C04F79EFBC}") = "PPC.Module.Players", "PPC.Module.Players\PPC.Module.Players.csproj", "{E48A0AB3-A906-4909-B965-C6286B01D3E9}"
EndProject
Project("{FAE04EC0-301F-11D3-BF4B-00C04F79EFBC}") = "EasyMVVM", "EasyMVVM\EasyMVVM.csproj", "{10833C79-C3FB-4F70-AD1D-7F0173D01966}"
EndProject
Project("{FAE04EC0-301F-11D3-BF4B-00C04F79EFBC}") = "PPC.Popups", "PPC.Popups\PPC.Popups.csproj", "{C06F804C-58A5-48EA-A3B4-935470804B05}"
EndProject
Project("{FAE04EC0-301F-11D3-BF4B-00C04F79EFBC}") = "EasyIoc", "EasyIoc\EasyIoc.csproj", "{38D20E7F-9510-4B80-8755-1DEF2EF07BCF}"
EndProject
Project("{FAE04EC0-301F-11D3-BF4B-00C04F79EFBC}") = "PPC.Helpers", "PPC.Helpers\PPC.Helpers.csproj", "{3523C53F-4317-4AC6-B077-76544BDD174A}"
EndProject
Project("{FAE04EC0-301F-11D3-BF4B-00C04F79EFBC}") = "PPC.Controls", "PPC.Controls\PPC.Controls.csproj", "{04CD3C36-E320-4A14-952B-1E09340E9B58}"
EndProject
Project("{FAE04EC0-301F-11D3-BF4B-00C04F79EFBC}") = "PPC.Messages", "PPC.Messages\PPC.Messages.csproj", "{137EF3D3-E60D-45E9-8A3B-43042FC36105}"
EndProject
Project("{FAE04EC0-301F-11D3-BF4B-00C04F79EFBC}") = "PPC.Module.Shop", "PPC.Module.Shop\PPC.Module.Shop.csproj", "{C55D71F3-09AB-4B1A-B76F-CFDF52A680F0}"
EndProject
Project("{FAE04EC0-301F-11D3-BF4B-00C04F79EFBC}") = "PPC.Styles", "PPC.Styles\PPC.Styles.csproj", "{D75A55FB-738B-4771-BE10-7DB9008C412F}"
EndProject
Project("{FAE04EC0-301F-11D3-BF4B-00C04F79EFBC}") = "PPC.Module.Inventory", "PPC.Module.Inventory\PPC.Module.Inventory.csproj", "{E734F70A-12E8-46BB-857D-35D606169A11}"
EndProject
Project("{FAE04EC0-301F-11D3-BF4B-00C04F79EFBC}") = "PPC.Services", "PPC.Services\PPC.Services.csproj", "{DAAB6105-1A4D-4AF9-9CAE-B76204B411D0}"
EndProject
Project("{FAE04EC0-301F-11D3-BF4B-00C04F79EFBC}") = "EasyDBFParser", "EasyDBFParser\EasyDBFParser.csproj", "{E85892E8-7837-483D-B20D-DFE6A89D8330}"
EndProject
Project("{2150E333-8FDC-42A3-9474-1A3956D46DE8}") = "Libraries", "Libraries", "{DF6F7A91-1607-418C-A551-B690E7D64261}"
EndProject
Project("{2150E333-8FDC-42A3-9474-1A3956D46DE8}") = "TODO", "TODO", "{65CA7F7C-6851-4776-B210-B6EDEFE11719}"
	ProjectSection(SolutionItems) = preProject
		TODO.txt = TODO.txt
	EndProjectSection
EndProject
Project("{FAE04EC0-301F-11D3-BF4B-00C04F79EFBC}") = "PPC.Module.Cards", "PPC.Module.Cards\PPC.Module.Cards.csproj", "{464113AF-4BC7-4326-853C-32707A1284E7}"
EndProject
Project("{FAE04EC0-301F-11D3-BF4B-00C04F79EFBC}") = "PPC.Log", "PPC.Log\PPC.Log.csproj", "{BCB79B57-39A1-4714-A728-B09C90BB4B35}"
EndProject
Project("{FAE04EC0-301F-11D3-BF4B-00C04F79EFBC}") = "PPC.Common", "PPC.Common\PPC.Common.csproj", "{7F9D7666-1A58-4AE1-AD47-AB68A3D4E2FE}"
EndProject
Project("{FAE04EC0-301F-11D3-BF4B-00C04F79EFBC}") = "PPC.Domain", "PPC.Domain\PPC.Domain.csproj", "{11AA6511-78E6-408F-8894-811989851F04}"
EndProject
Project("{FAE04EC0-301F-11D3-BF4B-00C04F79EFBC}") = "PPC.IDataAccess", "PPC.IDataAccess\PPC.IDataAccess.csproj", "{10DA16F1-F77E-4B88-9151-2D0F358B4908}"
EndProject
Project("{FAE04EC0-301F-11D3-BF4B-00C04F79EFBC}") = "PPC.DataAccess.FileBased", "PPC.DataAccess.FileBased\PPC.DataAccess.FileBased.csproj", "{B5893212-FCF0-4A0B-B0EA-4908F5235E39}"
EndProject
Project("{FAE04EC0-301F-11D3-BF4B-00C04F79EFBC}") = "PPC.DataAccess.DesignMode", "PPC.DataAccess.DesignMode\PPC.DataAccess.DesignMode.csproj", "{CD76BEFE-C138-412F-B50B-B601DB4AC0A1}"
EndProject
Project("{FAE04EC0-301F-11D3-BF4B-00C04F79EFBC}") = "PPC.Module.Notes", "PPC.Module.Notes\PPC.Module.Notes.csproj", "{62AB5298-6D6E-4A43-9CE7-4E1541A1BC21}"
EndProject
Global
	GlobalSection(SolutionConfigurationPlatforms) = preSolution
		Debug|Any CPU = Debug|Any CPU
		Release|Any CPU = Release|Any CPU
	EndGlobalSection
	GlobalSection(ProjectConfigurationPlatforms) = postSolution
		{C54AEEE9-6D49-4C76-93B8-4DC1B0497A4C}.Debug|Any CPU.ActiveCfg = Debug|Any CPU
		{C54AEEE9-6D49-4C76-93B8-4DC1B0497A4C}.Debug|Any CPU.Build.0 = Debug|Any CPU
		{C54AEEE9-6D49-4C76-93B8-4DC1B0497A4C}.Release|Any CPU.ActiveCfg = Release|Any CPU
		{C54AEEE9-6D49-4C76-93B8-4DC1B0497A4C}.Release|Any CPU.Build.0 = Release|Any CPU
		{E48A0AB3-A906-4909-B965-C6286B01D3E9}.Debug|Any CPU.ActiveCfg = Debug|Any CPU
		{E48A0AB3-A906-4909-B965-C6286B01D3E9}.Debug|Any CPU.Build.0 = Debug|Any CPU
		{E48A0AB3-A906-4909-B965-C6286B01D3E9}.Release|Any CPU.ActiveCfg = Release|Any CPU
		{E48A0AB3-A906-4909-B965-C6286B01D3E9}.Release|Any CPU.Build.0 = Release|Any CPU
		{10833C79-C3FB-4F70-AD1D-7F0173D01966}.Debug|Any CPU.ActiveCfg = Debug|Any CPU
		{10833C79-C3FB-4F70-AD1D-7F0173D01966}.Debug|Any CPU.Build.0 = Debug|Any CPU
		{10833C79-C3FB-4F70-AD1D-7F0173D01966}.Release|Any CPU.ActiveCfg = Release|Any CPU
		{10833C79-C3FB-4F70-AD1D-7F0173D01966}.Release|Any CPU.Build.0 = Release|Any CPU
		{C06F804C-58A5-48EA-A3B4-935470804B05}.Debug|Any CPU.ActiveCfg = Debug|Any CPU
		{C06F804C-58A5-48EA-A3B4-935470804B05}.Debug|Any CPU.Build.0 = Debug|Any CPU
		{C06F804C-58A5-48EA-A3B4-935470804B05}.Release|Any CPU.ActiveCfg = Release|Any CPU
		{C06F804C-58A5-48EA-A3B4-935470804B05}.Release|Any CPU.Build.0 = Release|Any CPU
		{38D20E7F-9510-4B80-8755-1DEF2EF07BCF}.Debug|Any CPU.ActiveCfg = Debug|Any CPU
		{38D20E7F-9510-4B80-8755-1DEF2EF07BCF}.Debug|Any CPU.Build.0 = Debug|Any CPU
		{38D20E7F-9510-4B80-8755-1DEF2EF07BCF}.Release|Any CPU.ActiveCfg = Release|Any CPU
		{38D20E7F-9510-4B80-8755-1DEF2EF07BCF}.Release|Any CPU.Build.0 = Release|Any CPU
		{3523C53F-4317-4AC6-B077-76544BDD174A}.Debug|Any CPU.ActiveCfg = Debug|Any CPU
		{3523C53F-4317-4AC6-B077-76544BDD174A}.Debug|Any CPU.Build.0 = Debug|Any CPU
		{3523C53F-4317-4AC6-B077-76544BDD174A}.Release|Any CPU.ActiveCfg = Release|Any CPU
		{3523C53F-4317-4AC6-B077-76544BDD174A}.Release|Any CPU.Build.0 = Release|Any CPU
		{04CD3C36-E320-4A14-952B-1E09340E9B58}.Debug|Any CPU.ActiveCfg = Debug|Any CPU
		{04CD3C36-E320-4A14-952B-1E09340E9B58}.Debug|Any CPU.Build.0 = Debug|Any CPU
		{04CD3C36-E320-4A14-952B-1E09340E9B58}.Release|Any CPU.ActiveCfg = Release|Any CPU
		{04CD3C36-E320-4A14-952B-1E09340E9B58}.Release|Any CPU.Build.0 = Release|Any CPU
		{137EF3D3-E60D-45E9-8A3B-43042FC36105}.Debug|Any CPU.ActiveCfg = Debug|Any CPU
		{137EF3D3-E60D-45E9-8A3B-43042FC36105}.Debug|Any CPU.Build.0 = Debug|Any CPU
		{137EF3D3-E60D-45E9-8A3B-43042FC36105}.Release|Any CPU.ActiveCfg = Release|Any CPU
		{137EF3D3-E60D-45E9-8A3B-43042FC36105}.Release|Any CPU.Build.0 = Release|Any CPU
		{C55D71F3-09AB-4B1A-B76F-CFDF52A680F0}.Debug|Any CPU.ActiveCfg = Debug|Any CPU
		{C55D71F3-09AB-4B1A-B76F-CFDF52A680F0}.Debug|Any CPU.Build.0 = Debug|Any CPU
		{C55D71F3-09AB-4B1A-B76F-CFDF52A680F0}.Release|Any CPU.ActiveCfg = Release|Any CPU
		{C55D71F3-09AB-4B1A-B76F-CFDF52A680F0}.Release|Any CPU.Build.0 = Release|Any CPU
		{D75A55FB-738B-4771-BE10-7DB9008C412F}.Debug|Any CPU.ActiveCfg = Debug|Any CPU
		{D75A55FB-738B-4771-BE10-7DB9008C412F}.Debug|Any CPU.Build.0 = Debug|Any CPU
		{D75A55FB-738B-4771-BE10-7DB9008C412F}.Release|Any CPU.ActiveCfg = Release|Any CPU
		{D75A55FB-738B-4771-BE10-7DB9008C412F}.Release|Any CPU.Build.0 = Release|Any CPU
		{E734F70A-12E8-46BB-857D-35D606169A11}.Debug|Any CPU.ActiveCfg = Debug|Any CPU
		{E734F70A-12E8-46BB-857D-35D606169A11}.Debug|Any CPU.Build.0 = Debug|Any CPU
		{E734F70A-12E8-46BB-857D-35D606169A11}.Release|Any CPU.ActiveCfg = Release|Any CPU
		{E734F70A-12E8-46BB-857D-35D606169A11}.Release|Any CPU.Build.0 = Release|Any CPU
		{DAAB6105-1A4D-4AF9-9CAE-B76204B411D0}.Debug|Any CPU.ActiveCfg = Debug|Any CPU
		{DAAB6105-1A4D-4AF9-9CAE-B76204B411D0}.Debug|Any CPU.Build.0 = Debug|Any CPU
		{DAAB6105-1A4D-4AF9-9CAE-B76204B411D0}.Release|Any CPU.ActiveCfg = Release|Any CPU
		{DAAB6105-1A4D-4AF9-9CAE-B76204B411D0}.Release|Any CPU.Build.0 = Release|Any CPU
		{E85892E8-7837-483D-B20D-DFE6A89D8330}.Debug|Any CPU.ActiveCfg = Debug|Any CPU
		{E85892E8-7837-483D-B20D-DFE6A89D8330}.Debug|Any CPU.Build.0 = Debug|Any CPU
		{E85892E8-7837-483D-B20D-DFE6A89D8330}.Release|Any CPU.ActiveCfg = Release|Any CPU
		{E85892E8-7837-483D-B20D-DFE6A89D8330}.Release|Any CPU.Build.0 = Release|Any CPU
		{464113AF-4BC7-4326-853C-32707A1284E7}.Debug|Any CPU.ActiveCfg = Debug|Any CPU
		{464113AF-4BC7-4326-853C-32707A1284E7}.Debug|Any CPU.Build.0 = Debug|Any CPU
		{464113AF-4BC7-4326-853C-32707A1284E7}.Release|Any CPU.ActiveCfg = Release|Any CPU
		{464113AF-4BC7-4326-853C-32707A1284E7}.Release|Any CPU.Build.0 = Release|Any CPU
		{BCB79B57-39A1-4714-A728-B09C90BB4B35}.Debug|Any CPU.ActiveCfg = Debug|Any CPU
		{BCB79B57-39A1-4714-A728-B09C90BB4B35}.Debug|Any CPU.Build.0 = Debug|Any CPU
		{BCB79B57-39A1-4714-A728-B09C90BB4B35}.Release|Any CPU.ActiveCfg = Release|Any CPU
		{BCB79B57-39A1-4714-A728-B09C90BB4B35}.Release|Any CPU.Build.0 = Release|Any CPU
		{7F9D7666-1A58-4AE1-AD47-AB68A3D4E2FE}.Debug|Any CPU.ActiveCfg = Debug|Any CPU
		{7F9D7666-1A58-4AE1-AD47-AB68A3D4E2FE}.Debug|Any CPU.Build.0 = Debug|Any CPU
		{7F9D7666-1A58-4AE1-AD47-AB68A3D4E2FE}.Release|Any CPU.ActiveCfg = Release|Any CPU
		{7F9D7666-1A58-4AE1-AD47-AB68A3D4E2FE}.Release|Any CPU.Build.0 = Release|Any CPU
		{11AA6511-78E6-408F-8894-811989851F04}.Debug|Any CPU.ActiveCfg = Debug|Any CPU
		{11AA6511-78E6-408F-8894-811989851F04}.Debug|Any CPU.Build.0 = Debug|Any CPU
		{11AA6511-78E6-408F-8894-811989851F04}.Release|Any CPU.ActiveCfg = Release|Any CPU
		{11AA6511-78E6-408F-8894-811989851F04}.Release|Any CPU.Build.0 = Release|Any CPU
		{10DA16F1-F77E-4B88-9151-2D0F358B4908}.Debug|Any CPU.ActiveCfg = Debug|Any CPU
		{10DA16F1-F77E-4B88-9151-2D0F358B4908}.Debug|Any CPU.Build.0 = Debug|Any CPU
		{10DA16F1-F77E-4B88-9151-2D0F358B4908}.Release|Any CPU.ActiveCfg = Release|Any CPU
		{10DA16F1-F77E-4B88-9151-2D0F358B4908}.Release|Any CPU.Build.0 = Release|Any CPU
		{B5893212-FCF0-4A0B-B0EA-4908F5235E39}.Debug|Any CPU.ActiveCfg = Debug|Any CPU
		{B5893212-FCF0-4A0B-B0EA-4908F5235E39}.Debug|Any CPU.Build.0 = Debug|Any CPU
		{B5893212-FCF0-4A0B-B0EA-4908F5235E39}.Release|Any CPU.ActiveCfg = Release|Any CPU
		{B5893212-FCF0-4A0B-B0EA-4908F5235E39}.Release|Any CPU.Build.0 = Release|Any CPU
		{CD76BEFE-C138-412F-B50B-B601DB4AC0A1}.Debug|Any CPU.ActiveCfg = Debug|Any CPU
		{CD76BEFE-C138-412F-B50B-B601DB4AC0A1}.Debug|Any CPU.Build.0 = Debug|Any CPU
		{CD76BEFE-C138-412F-B50B-B601DB4AC0A1}.Release|Any CPU.ActiveCfg = Release|Any CPU
		{CD76BEFE-C138-412F-B50B-B601DB4AC0A1}.Release|Any CPU.Build.0 = Release|Any CPU
		{62AB5298-6D6E-4A43-9CE7-4E1541A1BC21}.Debug|Any CPU.ActiveCfg = Debug|Any CPU
		{62AB5298-6D6E-4A43-9CE7-4E1541A1BC21}.Debug|Any CPU.Build.0 = Debug|Any CPU
		{62AB5298-6D6E-4A43-9CE7-4E1541A1BC21}.Release|Any CPU.ActiveCfg = Release|Any CPU
		{62AB5298-6D6E-4A43-9CE7-4E1541A1BC21}.Release|Any CPU.Build.0 = Release|Any CPU
	EndGlobalSection
	GlobalSection(SolutionProperties) = preSolution
		HideSolutionNode = FALSE
	EndGlobalSection
	GlobalSection(NestedProjects) = preSolution
		{10833C79-C3FB-4F70-AD1D-7F0173D01966} = {DF6F7A91-1607-418C-A551-B690E7D64261}
		{38D20E7F-9510-4B80-8755-1DEF2EF07BCF} = {DF6F7A91-1607-418C-A551-B690E7D64261}
		{E85892E8-7837-483D-B20D-DFE6A89D8330} = {DF6F7A91-1607-418C-A551-B690E7D64261}
	EndGlobalSection
EndGlobal
