
Microsoft Visual Studio Solution File, Format Version 12.00
# Visual Studio 15
VisualStudioVersion = 15.0.27004.2008
MinimumVisualStudioVersion = 10.0.40219.1
Project("{FAE04EC0-301F-11D3-BF4B-00C04F79EFBC}") = "PPC.App", "Frontend\PPC.App\PPC.App.csproj", "{C54AEEE9-6D49-4C76-93B8-4DC1B0497A4C}"
EndProject
Project("{FAE04EC0-301F-11D3-BF4B-00C04F79EFBC}") = "EasyMVVM", "Libraries\EasyMVVM\EasyMVVM.csproj", "{10833C79-C3FB-4F70-AD1D-7F0173D01966}"
EndProject
Project("{FAE04EC0-301F-11D3-BF4B-00C04F79EFBC}") = "EasyIoc", "Libraries\EasyIoc\EasyIoc.csproj", "{38D20E7F-9510-4B80-8755-1DEF2EF07BCF}"
EndProject
Project("{FAE04EC0-301F-11D3-BF4B-00C04F79EFBC}") = "PPC.Helpers", "Frontend\PPC.Helpers\PPC.Helpers.csproj", "{3523C53F-4317-4AC6-B077-76544BDD174A}"
EndProject
Project("{FAE04EC0-301F-11D3-BF4B-00C04F79EFBC}") = "PPC.Controls", "Frontend\PPC.Controls\PPC.Controls.csproj", "{04CD3C36-E320-4A14-952B-1E09340E9B58}"
EndProject
Project("{FAE04EC0-301F-11D3-BF4B-00C04F79EFBC}") = "PPC.Messages", "Frontend\PPC.Messages\PPC.Messages.csproj", "{137EF3D3-E60D-45E9-8A3B-43042FC36105}"
EndProject
Project("{FAE04EC0-301F-11D3-BF4B-00C04F79EFBC}") = "PPC.Module.Shop", "Frontend\PPC.Module.Shop\PPC.Module.Shop.csproj", "{C55D71F3-09AB-4B1A-B76F-CFDF52A680F0}"
EndProject
Project("{FAE04EC0-301F-11D3-BF4B-00C04F79EFBC}") = "PPC.Styles", "Frontend\PPC.Styles\PPC.Styles.csproj", "{D75A55FB-738B-4771-BE10-7DB9008C412F}"
EndProject
Project("{FAE04EC0-301F-11D3-BF4B-00C04F79EFBC}") = "PPC.Module.Inventory", "Frontend\PPC.Module.Inventory\PPC.Module.Inventory.csproj", "{E734F70A-12E8-46BB-857D-35D606169A11}"
EndProject
Project("{FAE04EC0-301F-11D3-BF4B-00C04F79EFBC}") = "PPC.Services", "Frontend\PPC.Services\PPC.Services.csproj", "{DAAB6105-1A4D-4AF9-9CAE-B76204B411D0}"
EndProject
Project("{FAE04EC0-301F-11D3-BF4B-00C04F79EFBC}") = "EasyDBFParser", "Libraries\EasyDBFParser\EasyDBFParser.csproj", "{E85892E8-7837-483D-B20D-DFE6A89D8330}"
EndProject
Project("{2150E333-8FDC-42A3-9474-1A3956D46DE8}") = "Libraries", "Libraries", "{DF6F7A91-1607-418C-A551-B690E7D64261}"
EndProject
Project("{2150E333-8FDC-42A3-9474-1A3956D46DE8}") = "TODO", "TODO", "{65CA7F7C-6851-4776-B210-B6EDEFE11719}"
	ProjectSection(SolutionItems) = preProject
		new domain.txt = new domain.txt
		TODO.txt = TODO.txt
	EndProjectSection
EndProject
Project("{FAE04EC0-301F-11D3-BF4B-00C04F79EFBC}") = "PPC.Log", "Shared\PPC.Log\PPC.Log.csproj", "{BCB79B57-39A1-4714-A728-B09C90BB4B35}"
EndProject
Project("{FAE04EC0-301F-11D3-BF4B-00C04F79EFBC}") = "PPC.Common", "Shared\PPC.Common\PPC.Common.csproj", "{7F9D7666-1A58-4AE1-AD47-AB68A3D4E2FE}"
EndProject
Project("{FAE04EC0-301F-11D3-BF4B-00C04F79EFBC}") = "PPC.Domain", "Shared\PPC.Domain\PPC.Domain.csproj", "{11AA6511-78E6-408F-8894-811989851F04}"
EndProject
Project("{FAE04EC0-301F-11D3-BF4B-00C04F79EFBC}") = "PPC.IDataAccess", "Backend\PPC.IDataAccess\PPC.IDataAccess.csproj", "{10DA16F1-F77E-4B88-9151-2D0F358B4908}"
EndProject
Project("{FAE04EC0-301F-11D3-BF4B-00C04F79EFBC}") = "PPC.DataAccess.FileBased", "Backend\PPC.DataAccess.FileBased\PPC.DataAccess.FileBased.csproj", "{B5893212-FCF0-4A0B-B0EA-4908F5235E39}"
EndProject
Project("{FAE04EC0-301F-11D3-BF4B-00C04F79EFBC}") = "PPC.DataAccess.DesignMode", "Backend\PPC.DataAccess.DesignMode\PPC.DataAccess.DesignMode.csproj", "{CD76BEFE-C138-412F-B50B-B601DB4AC0A1}"
EndProject
Project("{FAE04EC0-301F-11D3-BF4B-00C04F79EFBC}") = "PPC.Module.Notes", "Frontend\PPC.Module.Notes\PPC.Module.Notes.csproj", "{62AB5298-6D6E-4A43-9CE7-4E1541A1BC21}"
EndProject
Project("{FAE04EC0-301F-11D3-BF4B-00C04F79EFBC}") = "PPC.DataAccess.MongoDB", "Backend\PPC.DataAccess.MongoDB\PPC.DataAccess.MongoDB.csproj", "{B1D67C07-2F49-4536-A1B6-D31A86A834E8}"
EndProject
Project("{FAE04EC0-301F-11D3-BF4B-00C04F79EFBC}") = "PPC.ConsoleApp", "Frontend\PPC.ConsoleApp\PPC.ConsoleApp.csproj", "{1CB26598-1A0C-4BEA-BAB4-35E730C22FB0}"
EndProject
Project("{FAE04EC0-301F-11D3-BF4B-00C04F79EFBC}") = "PPC.Module.Common", "Frontend\PPC.Module.Common\PPC.Module.Common.csproj", "{900E0782-493D-49AE-89D5-D5C6B6E34BC0}"
EndProject
Project("{FAE04EC0-301F-11D3-BF4B-00C04F79EFBC}") = "PPC.ServiceAgent.MailSender", "Backend\PPC.ServiceAgent.MailSender\PPC.ServiceAgent.MailSender.csproj", "{604C9F35-A450-4B7C-83D0-395997A63F10}"
EndProject
Project("{FAE04EC0-301F-11D3-BF4B-00C04F79EFBC}") = "PPC.IServiceAgent", "Backend\PPC.IServiceAgent\PPC.IServiceAgent.csproj", "{EFB80EFD-8E05-49A2-A87B-EA5C89CD1FBB}"
EndProject
Project("{2150E333-8FDC-42A3-9474-1A3956D46DE8}") = "Backend", "Backend", "{53974841-AFDB-4C1F-AA7E-5AAE37B6392E}"
EndProject
Project("{2150E333-8FDC-42A3-9474-1A3956D46DE8}") = "Frontend", "Frontend", "{C3911465-B079-4D29-A064-94044306756B}"
EndProject
Project("{2150E333-8FDC-42A3-9474-1A3956D46DE8}") = "Shared", "Shared", "{F0EC6C4C-6C36-48E9-9D7F-C6E7E65A9AC1}"
EndProject
Global
	GlobalSection(SolutionConfigurationPlatforms) = preSolution
		Debug|Any CPU = Debug|Any CPU
		Release|Any CPU = Release|Any CPU
	EndGlobalSection
	GlobalSection(ProjectConfigurationPlatforms) = postSolution
		{C54AEEE9-6D49-4C76-93B8-4DC1B0497A4C}.Debug|Any CPU.ActiveCfg = Debug|Any CPU
		{C54AEEE9-6D49-4C76-93B8-4DC1B0497A4C}.Debug|Any CPU.Build.0 = Debug|Any CPU
		{C54AEEE9-6D49-4C76-93B8-4DC1B0497A4C}.Release|Any CPU.ActiveCfg = Release|Any CPU
		{C54AEEE9-6D49-4C76-93B8-4DC1B0497A4C}.Release|Any CPU.Build.0 = Release|Any CPU
		{10833C79-C3FB-4F70-AD1D-7F0173D01966}.Debug|Any CPU.ActiveCfg = Debug|Any CPU
		{10833C79-C3FB-4F70-AD1D-7F0173D01966}.Debug|Any CPU.Build.0 = Debug|Any CPU
		{10833C79-C3FB-4F70-AD1D-7F0173D01966}.Release|Any CPU.ActiveCfg = Release|Any CPU
		{10833C79-C3FB-4F70-AD1D-7F0173D01966}.Release|Any CPU.Build.0 = Release|Any CPU
		{38D20E7F-9510-4B80-8755-1DEF2EF07BCF}.Debug|Any CPU.ActiveCfg = Debug|Any CPU
		{38D20E7F-9510-4B80-8755-1DEF2EF07BCF}.Debug|Any CPU.Build.0 = Debug|Any CPU
		{38D20E7F-9510-4B80-8755-1DEF2EF07BCF}.Release|Any CPU.ActiveCfg = Release|Any CPU
		{38D20E7F-9510-4B80-8755-1DEF2EF07BCF}.Release|Any CPU.Build.0 = Release|Any CPU
		{3523C53F-4317-4AC6-B077-76544BDD174A}.Debug|Any CPU.ActiveCfg = Debug|Any CPU
		{3523C53F-4317-4AC6-B077-76544BDD174A}.Debug|Any CPU.Build.0 = Debug|Any CPU
		{3523C53F-4317-4AC6-B077-76544BDD174A}.Release|Any CPU.ActiveCfg = Release|Any CPU
		{3523C53F-4317-4AC6-B077-76544BDD174A}.Release|Any CPU.Build.0 = Release|Any CPU
		{04CD3C36-E320-4A14-952B-1E09340E9B58}.Debug|Any CPU.ActiveCfg = Debug|Any CPU
		{04CD3C36-E320-4A14-952B-1E09340E9B58}.Debug|Any CPU.Build.0 = Debug|Any CPU
		{04CD3C36-E320-4A14-952B-1E09340E9B58}.Release|Any CPU.ActiveCfg = Release|Any CPU
		{04CD3C36-E320-4A14-952B-1E09340E9B58}.Release|Any CPU.Build.0 = Release|Any CPU
		{137EF3D3-E60D-45E9-8A3B-43042FC36105}.Debug|Any CPU.ActiveCfg = Debug|Any CPU
		{137EF3D3-E60D-45E9-8A3B-43042FC36105}.Debug|Any CPU.Build.0 = Debug|Any CPU
		{137EF3D3-E60D-45E9-8A3B-43042FC36105}.Release|Any CPU.ActiveCfg = Release|Any CPU
		{137EF3D3-E60D-45E9-8A3B-43042FC36105}.Release|Any CPU.Build.0 = Release|Any CPU
		{C55D71F3-09AB-4B1A-B76F-CFDF52A680F0}.Debug|Any CPU.ActiveCfg = Debug|Any CPU
		{C55D71F3-09AB-4B1A-B76F-CFDF52A680F0}.Debug|Any CPU.Build.0 = Debug|Any CPU
		{C55D71F3-09AB-4B1A-B76F-CFDF52A680F0}.Release|Any CPU.ActiveCfg = Release|Any CPU
		{C55D71F3-09AB-4B1A-B76F-CFDF52A680F0}.Release|Any CPU.Build.0 = Release|Any CPU
		{D75A55FB-738B-4771-BE10-7DB9008C412F}.Debug|Any CPU.ActiveCfg = Debug|Any CPU
		{D75A55FB-738B-4771-BE10-7DB9008C412F}.Debug|Any CPU.Build.0 = Debug|Any CPU
		{D75A55FB-738B-4771-BE10-7DB9008C412F}.Release|Any CPU.ActiveCfg = Release|Any CPU
		{D75A55FB-738B-4771-BE10-7DB9008C412F}.Release|Any CPU.Build.0 = Release|Any CPU
		{E734F70A-12E8-46BB-857D-35D606169A11}.Debug|Any CPU.ActiveCfg = Debug|Any CPU
		{E734F70A-12E8-46BB-857D-35D606169A11}.Debug|Any CPU.Build.0 = Debug|Any CPU
		{E734F70A-12E8-46BB-857D-35D606169A11}.Release|Any CPU.ActiveCfg = Release|Any CPU
		{E734F70A-12E8-46BB-857D-35D606169A11}.Release|Any CPU.Build.0 = Release|Any CPU
		{DAAB6105-1A4D-4AF9-9CAE-B76204B411D0}.Debug|Any CPU.ActiveCfg = Debug|Any CPU
		{DAAB6105-1A4D-4AF9-9CAE-B76204B411D0}.Debug|Any CPU.Build.0 = Debug|Any CPU
		{DAAB6105-1A4D-4AF9-9CAE-B76204B411D0}.Release|Any CPU.ActiveCfg = Release|Any CPU
		{DAAB6105-1A4D-4AF9-9CAE-B76204B411D0}.Release|Any CPU.Build.0 = Release|Any CPU
		{E85892E8-7837-483D-B20D-DFE6A89D8330}.Debug|Any CPU.ActiveCfg = Debug|Any CPU
		{E85892E8-7837-483D-B20D-DFE6A89D8330}.Debug|Any CPU.Build.0 = Debug|Any CPU
		{E85892E8-7837-483D-B20D-DFE6A89D8330}.Release|Any CPU.ActiveCfg = Release|Any CPU
		{E85892E8-7837-483D-B20D-DFE6A89D8330}.Release|Any CPU.Build.0 = Release|Any CPU
		{BCB79B57-39A1-4714-A728-B09C90BB4B35}.Debug|Any CPU.ActiveCfg = Debug|Any CPU
		{BCB79B57-39A1-4714-A728-B09C90BB4B35}.Debug|Any CPU.Build.0 = Debug|Any CPU
		{BCB79B57-39A1-4714-A728-B09C90BB4B35}.Release|Any CPU.ActiveCfg = Release|Any CPU
		{BCB79B57-39A1-4714-A728-B09C90BB4B35}.Release|Any CPU.Build.0 = Release|Any CPU
		{7F9D7666-1A58-4AE1-AD47-AB68A3D4E2FE}.Debug|Any CPU.ActiveCfg = Debug|Any CPU
		{7F9D7666-1A58-4AE1-AD47-AB68A3D4E2FE}.Debug|Any CPU.Build.0 = Debug|Any CPU
		{7F9D7666-1A58-4AE1-AD47-AB68A3D4E2FE}.Release|Any CPU.ActiveCfg = Release|Any CPU
		{7F9D7666-1A58-4AE1-AD47-AB68A3D4E2FE}.Release|Any CPU.Build.0 = Release|Any CPU
		{11AA6511-78E6-408F-8894-811989851F04}.Debug|Any CPU.ActiveCfg = Debug|Any CPU
		{11AA6511-78E6-408F-8894-811989851F04}.Debug|Any CPU.Build.0 = Debug|Any CPU
		{11AA6511-78E6-408F-8894-811989851F04}.Release|Any CPU.ActiveCfg = Release|Any CPU
		{11AA6511-78E6-408F-8894-811989851F04}.Release|Any CPU.Build.0 = Release|Any CPU
		{10DA16F1-F77E-4B88-9151-2D0F358B4908}.Debug|Any CPU.ActiveCfg = Debug|Any CPU
		{10DA16F1-F77E-4B88-9151-2D0F358B4908}.Debug|Any CPU.Build.0 = Debug|Any CPU
		{10DA16F1-F77E-4B88-9151-2D0F358B4908}.Release|Any CPU.ActiveCfg = Release|Any CPU
		{10DA16F1-F77E-4B88-9151-2D0F358B4908}.Release|Any CPU.Build.0 = Release|Any CPU
		{B5893212-FCF0-4A0B-B0EA-4908F5235E39}.Debug|Any CPU.ActiveCfg = Debug|Any CPU
		{B5893212-FCF0-4A0B-B0EA-4908F5235E39}.Debug|Any CPU.Build.0 = Debug|Any CPU
		{B5893212-FCF0-4A0B-B0EA-4908F5235E39}.Release|Any CPU.ActiveCfg = Release|Any CPU
		{B5893212-FCF0-4A0B-B0EA-4908F5235E39}.Release|Any CPU.Build.0 = Release|Any CPU
		{CD76BEFE-C138-412F-B50B-B601DB4AC0A1}.Debug|Any CPU.ActiveCfg = Debug|Any CPU
		{CD76BEFE-C138-412F-B50B-B601DB4AC0A1}.Debug|Any CPU.Build.0 = Debug|Any CPU
		{CD76BEFE-C138-412F-B50B-B601DB4AC0A1}.Release|Any CPU.ActiveCfg = Release|Any CPU
		{CD76BEFE-C138-412F-B50B-B601DB4AC0A1}.Release|Any CPU.Build.0 = Release|Any CPU
		{62AB5298-6D6E-4A43-9CE7-4E1541A1BC21}.Debug|Any CPU.ActiveCfg = Debug|Any CPU
		{62AB5298-6D6E-4A43-9CE7-4E1541A1BC21}.Debug|Any CPU.Build.0 = Debug|Any CPU
		{62AB5298-6D6E-4A43-9CE7-4E1541A1BC21}.Release|Any CPU.ActiveCfg = Release|Any CPU
		{62AB5298-6D6E-4A43-9CE7-4E1541A1BC21}.Release|Any CPU.Build.0 = Release|Any CPU
		{B1D67C07-2F49-4536-A1B6-D31A86A834E8}.Debug|Any CPU.ActiveCfg = Debug|Any CPU
		{B1D67C07-2F49-4536-A1B6-D31A86A834E8}.Debug|Any CPU.Build.0 = Debug|Any CPU
		{B1D67C07-2F49-4536-A1B6-D31A86A834E8}.Release|Any CPU.ActiveCfg = Release|Any CPU
		{B1D67C07-2F49-4536-A1B6-D31A86A834E8}.Release|Any CPU.Build.0 = Release|Any CPU
		{1CB26598-1A0C-4BEA-BAB4-35E730C22FB0}.Debug|Any CPU.ActiveCfg = Debug|Any CPU
		{1CB26598-1A0C-4BEA-BAB4-35E730C22FB0}.Debug|Any CPU.Build.0 = Debug|Any CPU
		{1CB26598-1A0C-4BEA-BAB4-35E730C22FB0}.Release|Any CPU.ActiveCfg = Release|Any CPU
		{1CB26598-1A0C-4BEA-BAB4-35E730C22FB0}.Release|Any CPU.Build.0 = Release|Any CPU
		{900E0782-493D-49AE-89D5-D5C6B6E34BC0}.Debug|Any CPU.ActiveCfg = Debug|Any CPU
		{900E0782-493D-49AE-89D5-D5C6B6E34BC0}.Debug|Any CPU.Build.0 = Debug|Any CPU
		{900E0782-493D-49AE-89D5-D5C6B6E34BC0}.Release|Any CPU.ActiveCfg = Release|Any CPU
		{900E0782-493D-49AE-89D5-D5C6B6E34BC0}.Release|Any CPU.Build.0 = Release|Any CPU
		{604C9F35-A450-4B7C-83D0-395997A63F10}.Debug|Any CPU.ActiveCfg = Debug|Any CPU
		{604C9F35-A450-4B7C-83D0-395997A63F10}.Debug|Any CPU.Build.0 = Debug|Any CPU
		{604C9F35-A450-4B7C-83D0-395997A63F10}.Release|Any CPU.ActiveCfg = Release|Any CPU
		{604C9F35-A450-4B7C-83D0-395997A63F10}.Release|Any CPU.Build.0 = Release|Any CPU
		{EFB80EFD-8E05-49A2-A87B-EA5C89CD1FBB}.Debug|Any CPU.ActiveCfg = Debug|Any CPU
		{EFB80EFD-8E05-49A2-A87B-EA5C89CD1FBB}.Debug|Any CPU.Build.0 = Debug|Any CPU
		{EFB80EFD-8E05-49A2-A87B-EA5C89CD1FBB}.Release|Any CPU.ActiveCfg = Release|Any CPU
		{EFB80EFD-8E05-49A2-A87B-EA5C89CD1FBB}.Release|Any CPU.Build.0 = Release|Any CPU
	EndGlobalSection
	GlobalSection(SolutionProperties) = preSolution
		HideSolutionNode = FALSE
	EndGlobalSection
	GlobalSection(NestedProjects) = preSolution
		{C54AEEE9-6D49-4C76-93B8-4DC1B0497A4C} = {C3911465-B079-4D29-A064-94044306756B}
		{10833C79-C3FB-4F70-AD1D-7F0173D01966} = {DF6F7A91-1607-418C-A551-B690E7D64261}
		{38D20E7F-9510-4B80-8755-1DEF2EF07BCF} = {DF6F7A91-1607-418C-A551-B690E7D64261}
		{3523C53F-4317-4AC6-B077-76544BDD174A} = {C3911465-B079-4D29-A064-94044306756B}
		{04CD3C36-E320-4A14-952B-1E09340E9B58} = {C3911465-B079-4D29-A064-94044306756B}
		{137EF3D3-E60D-45E9-8A3B-43042FC36105} = {C3911465-B079-4D29-A064-94044306756B}
		{C55D71F3-09AB-4B1A-B76F-CFDF52A680F0} = {C3911465-B079-4D29-A064-94044306756B}
		{D75A55FB-738B-4771-BE10-7DB9008C412F} = {C3911465-B079-4D29-A064-94044306756B}
		{E734F70A-12E8-46BB-857D-35D606169A11} = {C3911465-B079-4D29-A064-94044306756B}
		{DAAB6105-1A4D-4AF9-9CAE-B76204B411D0} = {C3911465-B079-4D29-A064-94044306756B}
		{E85892E8-7837-483D-B20D-DFE6A89D8330} = {DF6F7A91-1607-418C-A551-B690E7D64261}
		{BCB79B57-39A1-4714-A728-B09C90BB4B35} = {F0EC6C4C-6C36-48E9-9D7F-C6E7E65A9AC1}
		{7F9D7666-1A58-4AE1-AD47-AB68A3D4E2FE} = {F0EC6C4C-6C36-48E9-9D7F-C6E7E65A9AC1}
		{11AA6511-78E6-408F-8894-811989851F04} = {F0EC6C4C-6C36-48E9-9D7F-C6E7E65A9AC1}
		{10DA16F1-F77E-4B88-9151-2D0F358B4908} = {53974841-AFDB-4C1F-AA7E-5AAE37B6392E}
		{B5893212-FCF0-4A0B-B0EA-4908F5235E39} = {53974841-AFDB-4C1F-AA7E-5AAE37B6392E}
		{CD76BEFE-C138-412F-B50B-B601DB4AC0A1} = {53974841-AFDB-4C1F-AA7E-5AAE37B6392E}
		{62AB5298-6D6E-4A43-9CE7-4E1541A1BC21} = {C3911465-B079-4D29-A064-94044306756B}
		{B1D67C07-2F49-4536-A1B6-D31A86A834E8} = {53974841-AFDB-4C1F-AA7E-5AAE37B6392E}
		{1CB26598-1A0C-4BEA-BAB4-35E730C22FB0} = {C3911465-B079-4D29-A064-94044306756B}
		{900E0782-493D-49AE-89D5-D5C6B6E34BC0} = {C3911465-B079-4D29-A064-94044306756B}
		{604C9F35-A450-4B7C-83D0-395997A63F10} = {53974841-AFDB-4C1F-AA7E-5AAE37B6392E}
		{EFB80EFD-8E05-49A2-A87B-EA5C89CD1FBB} = {53974841-AFDB-4C1F-AA7E-5AAE37B6392E}
	EndGlobalSection
	GlobalSection(ExtensibilityGlobals) = postSolution
		SolutionGuid = {E35E8C35-4844-4AB0-9E60-A9B66CB931ED}
	EndGlobalSection
EndGlobal
